
Microsoft Visual Studio Solution File, Format Version 12.00
# Visual Studio Version 16
VisualStudioVersion = 16.0.29609.76
MinimumVisualStudioVersion = 10.0.40219.1
Project("{9A19103F-16F7-4668-BE54-9A1E7A4F7556}") = "Gunetberg.Web", "Gunetberg.Web\Gunetberg.Web.csproj", "{01FBC5F5-DB6B-4285-81D7-5D026589FB42}"
EndProject
Project("{FAE04EC0-301F-11D3-BF4B-00C04F79EFBC}") = "Gunetberg.Domain", "Gunetberg.Domain\Gunetberg.Domain.csproj", "{E758DEE4-8B4B-4568-B8FA-2DC04546C53A}"
EndProject
Project("{FAE04EC0-301F-11D3-BF4B-00C04F79EFBC}") = "Gunetberg.Infrastructure", "Gunetberg.Infrastructure\Gunetberg.Infrastructure.csproj", "{9396B3EB-08E2-4A66-83D9-5D80A4403206}"
EndProject
Project("{FAE04EC0-301F-11D3-BF4B-00C04F79EFBC}") = "Gunetberg.Business", "Gunetberg.Business\Gunetberg.Business.csproj", "{F2195698-C818-4EA6-A7FA-915B781E7B77}"
EndProject
Project("{FAE04EC0-301F-11D3-BF4B-00C04F79EFBC}") = "Gunetberg.Types", "Gunetberg.Types\Gunetberg.Types.csproj", "{5ED25BCE-E539-4843-8668-3257DCD24999}"
EndProject
Global
	GlobalSection(SolutionConfigurationPlatforms) = preSolution
		Debug|Any CPU = Debug|Any CPU
		Release|Any CPU = Release|Any CPU
	EndGlobalSection
	GlobalSection(ProjectConfigurationPlatforms) = postSolution
		{01FBC5F5-DB6B-4285-81D7-5D026589FB42}.Debug|Any CPU.ActiveCfg = Debug|Any CPU
		{01FBC5F5-DB6B-4285-81D7-5D026589FB42}.Debug|Any CPU.Build.0 = Debug|Any CPU
		{01FBC5F5-DB6B-4285-81D7-5D026589FB42}.Release|Any CPU.ActiveCfg = Release|Any CPU
		{01FBC5F5-DB6B-4285-81D7-5D026589FB42}.Release|Any CPU.Build.0 = Release|Any CPU
		{E758DEE4-8B4B-4568-B8FA-2DC04546C53A}.Debug|Any CPU.ActiveCfg = Debug|Any CPU
		{E758DEE4-8B4B-4568-B8FA-2DC04546C53A}.Debug|Any CPU.Build.0 = Debug|Any CPU
		{E758DEE4-8B4B-4568-B8FA-2DC04546C53A}.Release|Any CPU.ActiveCfg = Release|Any CPU
		{E758DEE4-8B4B-4568-B8FA-2DC04546C53A}.Release|Any CPU.Build.0 = Release|Any CPU
		{9396B3EB-08E2-4A66-83D9-5D80A4403206}.Debug|Any CPU.ActiveCfg = Debug|Any CPU
		{9396B3EB-08E2-4A66-83D9-5D80A4403206}.Debug|Any CPU.Build.0 = Debug|Any CPU
		{9396B3EB-08E2-4A66-83D9-5D80A4403206}.Release|Any CPU.ActiveCfg = Release|Any CPU
		{9396B3EB-08E2-4A66-83D9-5D80A4403206}.Release|Any CPU.Build.0 = Release|Any CPU
		{F2195698-C818-4EA6-A7FA-915B781E7B77}.Debug|Any CPU.ActiveCfg = Debug|Any CPU
		{F2195698-C818-4EA6-A7FA-915B781E7B77}.Debug|Any CPU.Build.0 = Debug|Any CPU
		{F2195698-C818-4EA6-A7FA-915B781E7B77}.Release|Any CPU.ActiveCfg = Release|Any CPU
		{F2195698-C818-4EA6-A7FA-915B781E7B77}.Release|Any CPU.Build.0 = Release|Any CPU
		{5ED25BCE-E539-4843-8668-3257DCD24999}.Debug|Any CPU.ActiveCfg = Debug|Any CPU
		{5ED25BCE-E539-4843-8668-3257DCD24999}.Debug|Any CPU.Build.0 = Debug|Any CPU
		{5ED25BCE-E539-4843-8668-3257DCD24999}.Release|Any CPU.ActiveCfg = Release|Any CPU
		{5ED25BCE-E539-4843-8668-3257DCD24999}.Release|Any CPU.Build.0 = Release|Any CPU
	EndGlobalSection
	GlobalSection(SolutionProperties) = preSolution
		HideSolutionNode = FALSE
	EndGlobalSection
	GlobalSection(ExtensibilityGlobals) = postSolution
		SolutionGuid = {A4CBB200-9869-40CD-87F2-D5A6CFFE3CC8}
	EndGlobalSection
EndGlobal
